
Microsoft Visual Studio Solution File, Format Version 12.00
# Visual Studio Version 17
VisualStudioVersion = 17.0.31903.59
MinimumVisualStudioVersion = 10.0.40219.1
Project("{2150E333-8FDC-42A3-9474-1A3956D46DE8}") = "src", "src", "{827E0CD3-B72D-47B6-A68D-7590B98EB39B}"
EndProject
Project("{FAE04EC0-301F-11D3-BF4B-00C04F79EFBC}") = "TE4IT.Domain", "src\TE4IT.Domain\TE4IT.Domain.csproj", "{0F83E87E-2EA2-400A-8A39-429DA7C38BBD}"
EndProject
Project("{FAE04EC0-301F-11D3-BF4B-00C04F79EFBC}") = "TE4IT.Application", "src\TE4IT.Application\TE4IT.Application.csproj", "{DDBF9780-867D-483D-B66D-EA44B990EC69}"
EndProject
Project("{FAE04EC0-301F-11D3-BF4B-00C04F79EFBC}") = "TE4IT.Infrastructure", "src\TE4IT.Infrastructure\TE4IT.Infrastructure.csproj", "{7DC4796C-193B-4CBC-A157-920502FB52C5}"
EndProject
Project("{FAE04EC0-301F-11D3-BF4B-00C04F79EFBC}") = "TE4IT.Persistence", "src\TE4IT.Persistence\TE4IT.Persistence.csproj", "{F19BC606-7A92-46B8-9AB1-C463F8EB5868}"
EndProject
Project("{FAE04EC0-301F-11D3-BF4B-00C04F79EFBC}") = "TE4IT.API", "src\TE4IT.API\TE4IT.API.csproj", "{8E63194D-6BB0-46E2-9DC0-589DE4C9142F}"
EndProject
Global
	GlobalSection(SolutionConfigurationPlatforms) = preSolution
		Debug|Any CPU = Debug|Any CPU
		Debug|x64 = Debug|x64
		Debug|x86 = Debug|x86
		Release|Any CPU = Release|Any CPU
		Release|x64 = Release|x64
		Release|x86 = Release|x86
	EndGlobalSection
	GlobalSection(ProjectConfigurationPlatforms) = postSolution
		{0F83E87E-2EA2-400A-8A39-429DA7C38BBD}.Debug|Any CPU.ActiveCfg = Debug|Any CPU
		{0F83E87E-2EA2-400A-8A39-429DA7C38BBD}.Debug|Any CPU.Build.0 = Debug|Any CPU
		{0F83E87E-2EA2-400A-8A39-429DA7C38BBD}.Debug|x64.ActiveCfg = Debug|Any CPU
		{0F83E87E-2EA2-400A-8A39-429DA7C38BBD}.Debug|x64.Build.0 = Debug|Any CPU
		{0F83E87E-2EA2-400A-8A39-429DA7C38BBD}.Debug|x86.ActiveCfg = Debug|Any CPU
		{0F83E87E-2EA2-400A-8A39-429DA7C38BBD}.Debug|x86.Build.0 = Debug|Any CPU
		{0F83E87E-2EA2-400A-8A39-429DA7C38BBD}.Release|Any CPU.ActiveCfg = Release|Any CPU
		{0F83E87E-2EA2-400A-8A39-429DA7C38BBD}.Release|Any CPU.Build.0 = Release|Any CPU
		{0F83E87E-2EA2-400A-8A39-429DA7C38BBD}.Release|x64.ActiveCfg = Release|Any CPU
		{0F83E87E-2EA2-400A-8A39-429DA7C38BBD}.Release|x64.Build.0 = Release|Any CPU
		{0F83E87E-2EA2-400A-8A39-429DA7C38BBD}.Release|x86.ActiveCfg = Release|Any CPU
		{0F83E87E-2EA2-400A-8A39-429DA7C38BBD}.Release|x86.Build.0 = Release|Any CPU
		{DDBF9780-867D-483D-B66D-EA44B990EC69}.Debug|Any CPU.ActiveCfg = Debug|Any CPU
		{DDBF9780-867D-483D-B66D-EA44B990EC69}.Debug|Any CPU.Build.0 = Debug|Any CPU
		{DDBF9780-867D-483D-B66D-EA44B990EC69}.Debug|x64.ActiveCfg = Debug|Any CPU
		{DDBF9780-867D-483D-B66D-EA44B990EC69}.Debug|x64.Build.0 = Debug|Any CPU
		{DDBF9780-867D-483D-B66D-EA44B990EC69}.Debug|x86.ActiveCfg = Debug|Any CPU
		{DDBF9780-867D-483D-B66D-EA44B990EC69}.Debug|x86.Build.0 = Debug|Any CPU
		{DDBF9780-867D-483D-B66D-EA44B990EC69}.Release|Any CPU.ActiveCfg = Release|Any CPU
		{DDBF9780-867D-483D-B66D-EA44B990EC69}.Release|Any CPU.Build.0 = Release|Any CPU
		{DDBF9780-867D-483D-B66D-EA44B990EC69}.Release|x64.ActiveCfg = Release|Any CPU
		{DDBF9780-867D-483D-B66D-EA44B990EC69}.Release|x64.Build.0 = Release|Any CPU
		{DDBF9780-867D-483D-B66D-EA44B990EC69}.Release|x86.ActiveCfg = Release|Any CPU
		{DDBF9780-867D-483D-B66D-EA44B990EC69}.Release|x86.Build.0 = Release|Any CPU
		{7DC4796C-193B-4CBC-A157-920502FB52C5}.Debug|Any CPU.ActiveCfg = Debug|Any CPU
		{7DC4796C-193B-4CBC-A157-920502FB52C5}.Debug|Any CPU.Build.0 = Debug|Any CPU
		{7DC4796C-193B-4CBC-A157-920502FB52C5}.Debug|x64.ActiveCfg = Debug|Any CPU
		{7DC4796C-193B-4CBC-A157-920502FB52C5}.Debug|x64.Build.0 = Debug|Any CPU
		{7DC4796C-193B-4CBC-A157-920502FB52C5}.Debug|x86.ActiveCfg = Debug|Any CPU
		{7DC4796C-193B-4CBC-A157-920502FB52C5}.Debug|x86.Build.0 = Debug|Any CPU
		{7DC4796C-193B-4CBC-A157-920502FB52C5}.Release|Any CPU.ActiveCfg = Release|Any CPU
		{7DC4796C-193B-4CBC-A157-920502FB52C5}.Release|Any CPU.Build.0 = Release|Any CPU
		{7DC4796C-193B-4CBC-A157-920502FB52C5}.Release|x64.ActiveCfg = Release|Any CPU
		{7DC4796C-193B-4CBC-A157-920502FB52C5}.Release|x64.Build.0 = Release|Any CPU
		{7DC4796C-193B-4CBC-A157-920502FB52C5}.Release|x86.ActiveCfg = Release|Any CPU
		{7DC4796C-193B-4CBC-A157-920502FB52C5}.Release|x86.Build.0 = Release|Any CPU
		{F19BC606-7A92-46B8-9AB1-C463F8EB5868}.Debug|Any CPU.ActiveCfg = Debug|Any CPU
		{F19BC606-7A92-46B8-9AB1-C463F8EB5868}.Debug|Any CPU.Build.0 = Debug|Any CPU
		{F19BC606-7A92-46B8-9AB1-C463F8EB5868}.Debug|x64.ActiveCfg = Debug|Any CPU
		{F19BC606-7A92-46B8-9AB1-C463F8EB5868}.Debug|x64.Build.0 = Debug|Any CPU
		{F19BC606-7A92-46B8-9AB1-C463F8EB5868}.Debug|x86.ActiveCfg = Debug|Any CPU
		{F19BC606-7A92-46B8-9AB1-C463F8EB5868}.Debug|x86.Build.0 = Debug|Any CPU
		{F19BC606-7A92-46B8-9AB1-C463F8EB5868}.Release|Any CPU.ActiveCfg = Release|Any CPU
		{F19BC606-7A92-46B8-9AB1-C463F8EB5868}.Release|Any CPU.Build.0 = Release|Any CPU
		{F19BC606-7A92-46B8-9AB1-C463F8EB5868}.Release|x64.ActiveCfg = Release|Any CPU
		{F19BC606-7A92-46B8-9AB1-C463F8EB5868}.Release|x64.Build.0 = Release|Any CPU
		{F19BC606-7A92-46B8-9AB1-C463F8EB5868}.Release|x86.ActiveCfg = Release|Any CPU
		{F19BC606-7A92-46B8-9AB1-C463F8EB5868}.Release|x86.Build.0 = Release|Any CPU
		{8E63194D-6BB0-46E2-9DC0-589DE4C9142F}.Debug|Any CPU.ActiveCfg = Debug|Any CPU
		{8E63194D-6BB0-46E2-9DC0-589DE4C9142F}.Debug|Any CPU.Build.0 = Debug|Any CPU
		{8E63194D-6BB0-46E2-9DC0-589DE4C9142F}.Debug|x64.ActiveCfg = Debug|Any CPU
		{8E63194D-6BB0-46E2-9DC0-589DE4C9142F}.Debug|x64.Build.0 = Debug|Any CPU
		{8E63194D-6BB0-46E2-9DC0-589DE4C9142F}.Debug|x86.ActiveCfg = Debug|Any CPU
		{8E63194D-6BB0-46E2-9DC0-589DE4C9142F}.Debug|x86.Build.0 = Debug|Any CPU
		{8E63194D-6BB0-46E2-9DC0-589DE4C9142F}.Release|Any CPU.ActiveCfg = Release|Any CPU
		{8E63194D-6BB0-46E2-9DC0-589DE4C9142F}.Release|Any CPU.Build.0 = Release|Any CPU
		{8E63194D-6BB0-46E2-9DC0-589DE4C9142F}.Release|x64.ActiveCfg = Release|Any CPU
		{8E63194D-6BB0-46E2-9DC0-589DE4C9142F}.Release|x64.Build.0 = Release|Any CPU
		{8E63194D-6BB0-46E2-9DC0-589DE4C9142F}.Release|x86.ActiveCfg = Release|Any CPU
		{8E63194D-6BB0-46E2-9DC0-589DE4C9142F}.Release|x86.Build.0 = Release|Any CPU
	EndGlobalSection
	GlobalSection(SolutionProperties) = preSolution
		HideSolutionNode = FALSE
	EndGlobalSection
	GlobalSection(NestedProjects) = preSolution
		{0F83E87E-2EA2-400A-8A39-429DA7C38BBD} = {827E0CD3-B72D-47B6-A68D-7590B98EB39B}
		{DDBF9780-867D-483D-B66D-EA44B990EC69} = {827E0CD3-B72D-47B6-A68D-7590B98EB39B}
		{7DC4796C-193B-4CBC-A157-920502FB52C5} = {827E0CD3-B72D-47B6-A68D-7590B98EB39B}
		{F19BC606-7A92-46B8-9AB1-C463F8EB5868} = {827E0CD3-B72D-47B6-A68D-7590B98EB39B}
		{8E63194D-6BB0-46E2-9DC0-589DE4C9142F} = {827E0CD3-B72D-47B6-A68D-7590B98EB39B}
	EndGlobalSection
EndGlobal
